
Microsoft Visual Studio Solution File, Format Version 12.00
# Visual Studio Version 17
VisualStudioVersion = 17.7.34024.191
MinimumVisualStudioVersion = 10.0.40219.1
Project("{FAE04EC0-301F-11D3-BF4B-00C04F79EFBC}") = "SensorMonitoringSystem", "SensorMonitoringSystem\SensorMonitoringSystem.csproj", "{CFE87F19-A14C-4114-A70E-5FA72E890381}"
EndProject
Project("{E24C65DC-7377-472B-9ABA-BC803B73C61A}") = "SensorMonitoringSystemClient", "C:\Users\Ahmet Oğuzhan Günöz\Documents\Visual Studio 2015\WebSites\SensorMonitoringSystemClient\", "{BC2CA041-3CB7-4C9C-A58B-158205E1434F}"
	ProjectSection(WebsiteProperties) = preProject
		TargetFrameworkMoniker = ".NETFramework,Version%3Dv4.8.1"
		Debug.AspNetCompiler.VirtualPath = "/localhost_51828"
		Debug.AspNetCompiler.PhysicalPath = "C:\Users\Ahmet Oğuzhan Günöz\Documents\Visual Studio 2015\WebSites\SensorMonitoringSystemClient\"
		Debug.AspNetCompiler.TargetPath = "PrecompiledWeb\localhost_51828\"
		Debug.AspNetCompiler.Updateable = "true"
		Debug.AspNetCompiler.ForceOverwrite = "true"
		Debug.AspNetCompiler.FixedNames = "false"
		Debug.AspNetCompiler.Debug = "True"
		Release.AspNetCompiler.VirtualPath = "/localhost_51828"
		Release.AspNetCompiler.PhysicalPath = "C:\Users\Ahmet Oğuzhan Günöz\Documents\Visual Studio 2015\WebSites\SensorMonitoringSystemClient\"
		Release.AspNetCompiler.TargetPath = "PrecompiledWeb\localhost_51828\"
		Release.AspNetCompiler.Updateable = "true"
		Release.AspNetCompiler.ForceOverwrite = "true"
		Release.AspNetCompiler.FixedNames = "false"
		Release.AspNetCompiler.Debug = "False"
		VWDPort = "51828"
		SlnRelativePath = "C:\Users\Ahmet Oğuzhan Günöz\Documents\Visual Studio 2015\WebSites\SensorMonitoringSystemClient\"
		DefaultWebSiteLanguage = "Visual C#"
	EndProjectSection
EndProject
Project("{FAE04EC0-301F-11D3-BF4B-00C04F79EFBC}") = "SensorMonitoringSystemServiceCallerService", "SensorMonitoringSystemServiceCallerService\SensorMonitoringSystemServiceCallerService.csproj", "{37B54B0A-CC2C-48C2-9C61-F69E2035A983}"
EndProject
Global
	GlobalSection(SolutionConfigurationPlatforms) = preSolution
		Debug|Any CPU = Debug|Any CPU
		Release|Any CPU = Release|Any CPU
	EndGlobalSection
	GlobalSection(ProjectConfigurationPlatforms) = postSolution
		{CFE87F19-A14C-4114-A70E-5FA72E890381}.Debug|Any CPU.ActiveCfg = Debug|Any CPU
		{CFE87F19-A14C-4114-A70E-5FA72E890381}.Debug|Any CPU.Build.0 = Debug|Any CPU
		{CFE87F19-A14C-4114-A70E-5FA72E890381}.Release|Any CPU.ActiveCfg = Release|Any CPU
		{CFE87F19-A14C-4114-A70E-5FA72E890381}.Release|Any CPU.Build.0 = Release|Any CPU
		{BC2CA041-3CB7-4C9C-A58B-158205E1434F}.Debug|Any CPU.ActiveCfg = Debug|Any CPU
		{BC2CA041-3CB7-4C9C-A58B-158205E1434F}.Debug|Any CPU.Build.0 = Debug|Any CPU
		{BC2CA041-3CB7-4C9C-A58B-158205E1434F}.Release|Any CPU.ActiveCfg = Debug|Any CPU
		{BC2CA041-3CB7-4C9C-A58B-158205E1434F}.Release|Any CPU.Build.0 = Debug|Any CPU
		{37B54B0A-CC2C-48C2-9C61-F69E2035A983}.Debug|Any CPU.ActiveCfg = Debug|Any CPU
		{37B54B0A-CC2C-48C2-9C61-F69E2035A983}.Debug|Any CPU.Build.0 = Debug|Any CPU
		{37B54B0A-CC2C-48C2-9C61-F69E2035A983}.Release|Any CPU.ActiveCfg = Release|Any CPU
		{37B54B0A-CC2C-48C2-9C61-F69E2035A983}.Release|Any CPU.Build.0 = Release|Any CPU
	EndGlobalSection
	GlobalSection(SolutionProperties) = preSolution
		HideSolutionNode = FALSE
	EndGlobalSection
	GlobalSection(ExtensibilityGlobals) = postSolution
		SolutionGuid = {7C67746C-6462-4A48-A7EF-3D16F93993D8}
	EndGlobalSection
EndGlobal
